{
  "name": "backend",
  "lockfileVersion": 3,
  "requires": true,
  "packages": {
    "": {
      "dependencies": {
        "starlette": "^1.0.7"
      }
    },
    "node_modules/starlette": {
      "version": "1.0.7",
      "resolved": "https://registry.npmjs.org/starlette/-/starlette-1.0.7.tgz",
      "integrity": "sha512-Syt0h4va4NiXzrLwpCrBEKQgZrhSKqaZkxUxfzah9pkPGKThuTAgCdu5HU/Okgvh/PJUgCeYRwgyD2FSJE4KSw=="
    }
  }
}
